{
  "name": "openstreamgrid",
  "version": "0.1.0",
  "lockfileVersion": 3,
  "requires": true,
  "packages": {
    "": {
      "name": "openstreamgrid",
      "version": "0.1.0",
      "workspaces": [
        "common",
        "tracker",
        "origin",
        "peer"
      ],
      "devDependencies": {
        "@types/node": "24.13.2",
        "typescript": "6.0.3"
      },
      "engines": {
        "node": ">=22"
      }
    },
    "common": {
      "name": "@openstreamgrid/common",
      "version": "0.1.0"
    },
    "node_modules/@openstreamgrid/common": {
      "resolved": "common",
      "link": true
    },
    "node_modules/@openstreamgrid/origin": {
      "resolved": "origin",
      "link": true
    },
    "node_modules/@openstreamgrid/peer": {
      "resolved": "peer",
      "link": true
    },
    "node_modules/@openstreamgrid/tracker": {
      "resolved": "tracker",
      "link": true
    },
    "node_modules/@types/node": {
      "version": "24.13.2",
      "dev": true,
      "license": "MIT",
      "dependencies": {
        "undici-types": "~7.18.0"
      }
    },
    "node_modules/@types/ws": {
      "version": "8.18.1",
      "resolved": "https://registry.npmjs.org/@types/ws/-/ws-8.18.1.tgz",
      "integrity": "sha512-ThVF6DCVhA8kUGy+aazFQ4kXQ7E1Ty7A3ypFOe0IcJV8O/M511G99AW24irKrW56Wt44yG9+ij8FaqoBGkuBXg==",
      "dev": true,
      "license": "MIT",
      "dependencies": {
        "@types/node": "*"
      }
    },
    "node_modules/typescript": {
      "version": "6.0.3",
      "dev": true,
      "license": "Apache-2.0",
      "bin": {
        "tsc": "bin/tsc",
        "tsserver": "bin/tsserver"
      },
      "engines": {
        "node": ">=14.17"
      }
    },
    "node_modules/undici-types": {
      "version": "7.18.2",
      "dev": true,
      "license": "MIT"
    },
    "node_modules/ws": {
      "version": "8.21.1",
      "resolved": "https://registry.npmjs.org/ws/-/ws-8.21.1.tgz",
      "integrity": "sha512-+0NTnW77fFN/DjQi6k/Sq/Yvk4Sgajw7urW8V+asjXnRgDs9gyGkdb7EzgfhA4goXsRIZKE28fzIXBHEzhuiWw==",
      "license": "MIT",
      "engines": {
        "node": ">=10.0.0"
      },
      "peerDependencies": {
        "bufferutil": "^4.0.1",
        "utf-8-validate": ">=5.0.2"
      },
      "peerDependenciesMeta": {
        "bufferutil": {
          "optional": true
        },
        "utf-8-validate": {
          "optional": true
        }
      }
    },
    "origin": {
      "name": "@openstreamgrid/origin",
      "version": "0.1.0",
      "dependencies": {
        "@openstreamgrid/common": "0.1.0"
      }
    },
    "peer": {
      "name": "@openstreamgrid/peer",
      "version": "0.1.0",
      "dependencies": {
        "@openstreamgrid/common": "0.1.0",
        "ws": "^8.21.1"
      },
      "bin": {
        "openstreamgrid-peer": "dist/client.js"
      },
      "devDependencies": {
        "@types/ws": "^8.18.1"
      }
    },
    "tracker": {
      "name": "@openstreamgrid/tracker",
      "version": "0.1.0",
      "dependencies": {
        "@openstreamgrid/common": "0.1.0",
        "ws": "^8.21.1"
      },
      "devDependencies": {
        "@types/ws": "^8.18.1"
      }
    }
  }
}
