{
  "name": "openstreamgrid",
  "version": "0.1.0",
  "lockfileVersion": 3,
  "requires": true,
  "packages": {
    "": {
      "name": "openstreamgrid",
      "version": "0.1.0",
      "workspaces": [
        "common",
        "tracker",
        "origin",
        "peer"
      ],
      "devDependencies": {
        "@types/node": "24.13.2",
        "typescript": "6.0.3"
      },
      "engines": {
        "node": ">=22"
      }
    },
    "common": {
      "name": "@openstreamgrid/common",
      "version": "0.1.0"
    },
    "node_modules/@openstreamgrid/common": {
      "resolved": "common",
      "link": true
    },
    "node_modules/@openstreamgrid/origin": {
      "resolved": "origin",
      "link": true
    },
    "node_modules/@openstreamgrid/peer": {
      "resolved": "peer",
      "link": true
    },
    "node_modules/@openstreamgrid/tracker": {
      "resolved": "tracker",
      "link": true
    },
    "node_modules/@types/node": {
      "version": "24.13.2",
      "dev": true,
      "license": "MIT",
      "dependencies": {
        "undici-types": "~7.18.0"
      }
    },
    "node_modules/typescript": {
      "version": "6.0.3",
      "dev": true,
      "license": "Apache-2.0",
      "bin": {
        "tsc": "bin/tsc",
        "tsserver": "bin/tsserver"
      },
      "engines": {
        "node": ">=14.17"
      }
    },
    "node_modules/undici-types": {
      "version": "7.18.2",
      "dev": true,
      "license": "MIT"
    },
    "origin": {
      "name": "@openstreamgrid/origin",
      "version": "0.1.0",
      "dependencies": {
        "@openstreamgrid/common": "0.1.0"
      }
    },
    "peer": {
      "name": "@openstreamgrid/peer",
      "version": "0.1.0",
      "dependencies": {
        "@openstreamgrid/common": "0.1.0"
      },
      "bin": {
        "openstreamgrid-peer": "dist/client.js"
      }
    },
    "tracker": {
      "name": "@openstreamgrid/tracker",
      "version": "0.1.0",
      "dependencies": {
        "@openstreamgrid/common": "0.1.0"
      }
    }
  }
}
